
Microsoft Visual Studio Solution File, Format Version 12.00
# Visual Studio Version 17
VisualStudioVersion = 17.2.32602.215
MinimumVisualStudioVersion = 10.0.40219.1
Project("{FAE04EC0-301F-11D3-BF4B-00C04F79EFBC}") = "dersUc", "dersUc\dersUc.csproj", "{7F65098B-AE7A-4FBD-A05A-289723E2410F}"
EndProject
Global
	GlobalSection(SolutionConfigurationPlatforms) = preSolution
		Debug|Any CPU = Debug|Any CPU
		Release|Any CPU = Release|Any CPU
	EndGlobalSection
	GlobalSection(ProjectConfigurationPlatforms) = postSolution
		{7F65098B-AE7A-4FBD-A05A-289723E2410F}.Debug|Any CPU.ActiveCfg = Debug|Any CPU
		{7F65098B-AE7A-4FBD-A05A-289723E2410F}.Debug|Any CPU.Build.0 = Debug|Any CPU
		{7F65098B-AE7A-4FBD-A05A-289723E2410F}.Release|Any CPU.ActiveCfg = Release|Any CPU
		{7F65098B-AE7A-4FBD-A05A-289723E2410F}.Release|Any CPU.Build.0 = Release|Any CPU
	EndGlobalSection
	GlobalSection(SolutionProperties) = preSolution
		HideSolutionNode = FALSE
	EndGlobalSection
	GlobalSection(ExtensibilityGlobals) = postSolution
		SolutionGuid = {AA1EFB05-5B8C-496E-B900-73880ACEA36B}
	EndGlobalSection
EndGlobal
